
Microsoft Visual Studio Solution File, Format Version 12.00
# Visual Studio Version 17
VisualStudioVersion = 17.5.002.0
MinimumVisualStudioVersion = 10.0.40219.1
Project("{9A19103F-16F7-4668-BE54-9A1E7A4F7556}") = "ex10", "ex10.csproj", "{CE46E093-2F72-494A-B97F-7AF108A30C78}"
EndProject
Global
	GlobalSection(SolutionConfigurationPlatforms) = preSolution
		Debug|Any CPU = Debug|Any CPU
		Release|Any CPU = Release|Any CPU
	EndGlobalSection
	GlobalSection(ProjectConfigurationPlatforms) = postSolution
		{CE46E093-2F72-494A-B97F-7AF108A30C78}.Debug|Any CPU.ActiveCfg = Debug|Any CPU
		{CE46E093-2F72-494A-B97F-7AF108A30C78}.Debug|Any CPU.Build.0 = Debug|Any CPU
		{CE46E093-2F72-494A-B97F-7AF108A30C78}.Release|Any CPU.ActiveCfg = Release|Any CPU
		{CE46E093-2F72-494A-B97F-7AF108A30C78}.Release|Any CPU.Build.0 = Release|Any CPU
	EndGlobalSection
	GlobalSection(SolutionProperties) = preSolution
		HideSolutionNode = FALSE
	EndGlobalSection
	GlobalSection(ExtensibilityGlobals) = postSolution
		SolutionGuid = {18892401-E138-49D4-8AAA-552D8593B5C7}
	EndGlobalSection
EndGlobal
